<?xml version="1.0" encoding="utf-8"?>
<Project ToolsVersion="18.0" xmlns="http://schemas.microsoft.com/developer/msbuild/2003">
  <ItemGroup>
    <CustomBuild Include="C:\Dev\SmoothZoom\build2\CMakeFiles\c731e3cb4e1f2c8fd6202fcee9b057fe\RUN_TESTS_force.rule">
      <Filter>CMake Rules</Filter>
    </CustomBuild>
  </ItemGroup>
  <ItemGroup>
    <Filter Include="CMake Rules">
      <UniqueIdentifier>{8A65F8B9-B428-3D8C-8B53-FD5977F65ECC}</UniqueIdentifier>
    </Filter>
  </ItemGroup>
</Project>
