<?xml version="1.0" encoding="utf-8"?>
<Project ToolsVersion="17.0" xmlns="http://schemas.microsoft.com/developer/msbuild/2003">
  <ItemGroup>
    <ClCompile Include="C:\Users\dmclaurin\src\SmoothZoom\tests\unit\test_ZoomController.cpp">
      <Filter>Source Files</Filter>
    </ClCompile>
    <ClCompile Include="C:\Users\dmclaurin\src\SmoothZoom\tests\unit\test_ViewportTracker.cpp">
      <Filter>Source Files</Filter>
    </ClCompile>
    <ClCompile Include="C:\Users\dmclaurin\src\SmoothZoom\tests\unit\test_WinKeyManager.cpp">
      <Filter>Source Files</Filter>
    </ClCompile>
    <ClCompile Include="C:\Users\dmclaurin\src\SmoothZoom\tests\unit\test_SettingsManager.cpp">
      <Filter>Source Files</Filter>
    </ClCompile>
    <ClCompile Include="C:\Users\dmclaurin\src\SmoothZoom\tests\unit\test_ModifierUtils.cpp">
      <Filter>Source Files</Filter>
    </ClCompile>
    <ClCompile Include="C:\Users\dmclaurin\src\SmoothZoom\tests\unit\test_ScrollNormalizer.cpp">
      <Filter>Source Files</Filter>
    </ClCompile>
    <ClCompile Include="C:\Users\dmclaurin\src\SmoothZoom\src\logic\ZoomController.cpp">
      <Filter>Source Files</Filter>
    </ClCompile>
    <ClCompile Include="C:\Users\dmclaurin\src\SmoothZoom\src\logic\ViewportTracker.cpp">
      <Filter>Source Files</Filter>
    </ClCompile>
    <ClCompile Include="C:\Users\dmclaurin\src\SmoothZoom\src\input\WinKeyManager.cpp">
      <Filter>Source Files</Filter>
    </ClCompile>
    <ClCompile Include="C:\Users\dmclaurin\src\SmoothZoom\src\support\SettingsManager.cpp">
      <Filter>Source Files</Filter>
    </ClCompile>
  </ItemGroup>
  <ItemGroup>
    <CustomBuild Include="C:\Users\dmclaurin\src\SmoothZoom\CMakeLists.txt" />
  </ItemGroup>
  <ItemGroup>
    <Filter Include="Source Files">
      <UniqueIdentifier>{DB245FA0-9840-397D-B646-DF3479C8C595}</UniqueIdentifier>
    </Filter>
  </ItemGroup>
</Project>
