<?xml version="1.0" encoding="utf-8"?>
<Project ToolsVersion="17.0" xmlns="http://schemas.microsoft.com/developer/msbuild/2003">
  <ItemGroup>
    <CustomBuild Include="C:\Users\dmclaurin\src\SmoothZoom\build2\CMakeFiles\b705f8afc52e33f919d23a76a42b0cc7\generate.stamp.rule">
      <Filter>CMake Rules</Filter>
    </CustomBuild>
  </ItemGroup>
  <ItemGroup>
    <Filter Include="CMake Rules">
      <UniqueIdentifier>{43FEAC59-39AC-3B4D-9D08-ED579613FBDD}</UniqueIdentifier>
    </Filter>
  </ItemGroup>
</Project>
